// !$*UTF8*$!
{
	archiveVersion = 1;
	classes = {
	};
	objectVersion = 56;
	objects = {

/* Begin PBXBuildFile section */
		BE2C2F032B15490A00270149 /* RegisterView.swift in Sources */ = {isa = PBXBuildFile; fileRef = BE2C2F022B15490A00270149 /* RegisterView.swift */; };
		BE2C2F052B15493300270149 /* RegisterProgressIndicatorManager.swift in Sources */ = {isa = PBXBuildFile; fileRef = BE2C2F042B15493300270149 /* RegisterProgressIndicatorManager.swift */; };
		BE2C2F072B15495200270149 /* RegisterViewController.swift in Sources */ = {isa = PBXBuildFile; fileRef = BE2C2F062B15495200270149 /* RegisterViewController.swift */; };
		BE2C2F092B15498500270149 /* RegisterFirebaseManager.swift in Sources */ = {isa = PBXBuildFile; fileRef = BE2C2F082B15498500270149 /* RegisterFirebaseManager.swift */; };
		BE2C2F0B2B1549B400270149 /* FirebaseAnalytics in Frameworks */ = {isa = PBXBuildFile; productRef = BE2C2F0A2B1549B400270149 /* FirebaseAnalytics */; };
		BE2C2F0D2B1549B400270149 /* FirebaseAnalyticsOnDeviceConversion in Frameworks */ = {isa = PBXBuildFile; productRef = BE2C2F0C2B1549B400270149 /* FirebaseAnalyticsOnDeviceConversion */; };
		BE2C2F0F2B1549B400270149 /* FirebaseAnalyticsSwift in Frameworks */ = {isa = PBXBuildFile; productRef = BE2C2F0E2B1549B400270149 /* FirebaseAnalyticsSwift */; };
		BE2C2F112B1549B400270149 /* FirebaseAnalyticsWithoutAdIdSupport in Frameworks */ = {isa = PBXBuildFile; productRef = BE2C2F102B1549B400270149 /* FirebaseAnalyticsWithoutAdIdSupport */; };
		BE2C2F132B1549B400270149 /* FirebaseAppCheck in Frameworks */ = {isa = PBXBuildFile; productRef = BE2C2F122B1549B400270149 /* FirebaseAppCheck */; };
		BE2C2F152B1549B400270149 /* FirebaseAppDistribution-Beta in Frameworks */ = {isa = PBXBuildFile; productRef = BE2C2F142B1549B400270149 /* FirebaseAppDistribution-Beta */; };
		BE2C2F172B1549B400270149 /* FirebaseAuth in Frameworks */ = {isa = PBXBuildFile; productRef = BE2C2F162B1549B400270149 /* FirebaseAuth */; };
		BE2C2F192B1549B400270149 /* FirebaseAuthCombine-Community in Frameworks */ = {isa = PBXBuildFile; productRef = BE2C2F182B1549B400270149 /* FirebaseAuthCombine-Community */; };
		BE2C2F1B2B1549B400270149 /* FirebaseCrashlytics in Frameworks */ = {isa = PBXBuildFile; productRef = BE2C2F1A2B1549B400270149 /* FirebaseCrashlytics */; };
		BE2C2F1D2B1549B400270149 /* FirebaseDatabase in Frameworks */ = {isa = PBXBuildFile; productRef = BE2C2F1C2B1549B400270149 /* FirebaseDatabase */; };
		BE2C2F1F2B1549B400270149 /* FirebaseDatabaseSwift in Frameworks */ = {isa = PBXBuildFile; productRef = BE2C2F1E2B1549B400270149 /* FirebaseDatabaseSwift */; };
		BE2C2F212B1549B400270149 /* FirebaseDynamicLinks in Frameworks */ = {isa = PBXBuildFile; productRef = BE2C2F202B1549B400270149 /* FirebaseDynamicLinks */; };
		BE2C2F232B1549B400270149 /* FirebaseFirestore in Frameworks */ = {isa = PBXBuildFile; productRef = BE2C2F222B1549B400270149 /* FirebaseFirestore */; };
		BE2C2F252B1549B400270149 /* FirebaseFirestoreCombine-Community in Frameworks */ = {isa = PBXBuildFile; productRef = BE2C2F242B1549B400270149 /* FirebaseFirestoreCombine-Community */; };
		BE2C2F272B1549B400270149 /* FirebaseFirestoreSwift in Frameworks */ = {isa = PBXBuildFile; productRef = BE2C2F262B1549B400270149 /* FirebaseFirestoreSwift */; };
		BE2C2F292B1549B400270149 /* FirebaseFunctions in Frameworks */ = {isa = PBXBuildFile; productRef = BE2C2F282B1549B400270149 /* FirebaseFunctions */; };
		BE2C2F2B2B1549B400270149 /* FirebaseFunctionsCombine-Community in Frameworks */ = {isa = PBXBuildFile; productRef = BE2C2F2A2B1549B400270149 /* FirebaseFunctionsCombine-Community */; };
		BE2C2F2D2B1549B400270149 /* FirebaseInAppMessaging-Beta in Frameworks */ = {isa = PBXBuildFile; productRef = BE2C2F2C2B1549B400270149 /* FirebaseInAppMessaging-Beta */; };
		BE2C2F2F2B1549B400270149 /* FirebaseInAppMessagingSwift-Beta in Frameworks */ = {isa = PBXBuildFile; productRef = BE2C2F2E2B1549B400270149 /* FirebaseInAppMessagingSwift-Beta */; };
		BE2C2F312B1549B400270149 /* FirebaseInstallations in Frameworks */ = {isa = PBXBuildFile; productRef = BE2C2F302B1549B400270149 /* FirebaseInstallations */; };
		BE2C2F332B1549B400270149 /* FirebaseMLModelDownloader in Frameworks */ = {isa = PBXBuildFile; productRef = BE2C2F322B1549B400270149 /* FirebaseMLModelDownloader */; };
		BE2C2F352B1549B400270149 /* FirebaseMessaging in Frameworks */ = {isa = PBXBuildFile; productRef = BE2C2F342B1549B400270149 /* FirebaseMessaging */; };
		BE2C2F372B1549B400270149 /* FirebasePerformance in Frameworks */ = {isa = PBXBuildFile; productRef = BE2C2F362B1549B400270149 /* FirebasePerformance */; };
		BE2C2F392B1549B400270149 /* FirebaseRemoteConfig in Frameworks */ = {isa = PBXBuildFile; productRef = BE2C2F382B1549B400270149 /* FirebaseRemoteConfig */; };
		BE2C2F3B2B1549B400270149 /* FirebaseRemoteConfigSwift in Frameworks */ = {isa = PBXBuildFile; productRef = BE2C2F3A2B1549B400270149 /* FirebaseRemoteConfigSwift */; };
		BE2C2F3D2B1549B400270149 /* FirebaseStorage in Frameworks */ = {isa = PBXBuildFile; productRef = BE2C2F3C2B1549B400270149 /* FirebaseStorage */; };
		BE2C2F3F2B1549B400270149 /* FirebaseStorageCombine-Community in Frameworks */ = {isa = PBXBuildFile; productRef = BE2C2F3E2B1549B400270149 /* FirebaseStorageCombine-Community */; };
		BE2C2F422B154A0A00270149 /* User.swift in Sources */ = {isa = PBXBuildFile; fileRef = BE2C2F412B154A0A00270149 /* User.swift */; };
		BE2C2F452B154A5500270149 /* ProgressSpinnerDelegate.swift in Sources */ = {isa = PBXBuildFile; fileRef = BE2C2F442B154A5500270149 /* ProgressSpinnerDelegate.swift */; };
		BE2C2F472B154A6500270149 /* ProgressSpinnerViewController.swift in Sources */ = {isa = PBXBuildFile; fileRef = BE2C2F462B154A6500270149 /* ProgressSpinnerViewController.swift */; };
		BE2C2F4A2B154B5500270149 /* MainScreenView.swift in Sources */ = {isa = PBXBuildFile; fileRef = BE2C2F492B154B5500270149 /* MainScreenView.swift */; };
		BE2C2F4D2B154BDB00270149 /* Configs.swift in Sources */ = {isa = PBXBuildFile; fileRef = BE2C2F4C2B154BDB00270149 /* Configs.swift */; };
		BE2C2F4F2B154C1000270149 /* EventsTableViewCell.swift in Sources */ = {isa = PBXBuildFile; fileRef = BE2C2F4E2B154C1000270149 /* EventsTableViewCell.swift */; };
		BE2C2F512B154D3300270149 /* RightBarButtonManager.swift in Sources */ = {isa = PBXBuildFile; fileRef = BE2C2F502B154D3300270149 /* RightBarButtonManager.swift */; };
		BE2C2F532B154E7000270149 /* Event.swift in Sources */ = {isa = PBXBuildFile; fileRef = BE2C2F522B154E7000270149 /* Event.swift */; };
		BE9DE3932B1579AC00C928FE /* EventsTableViewManager.swift in Sources */ = {isa = PBXBuildFile; fileRef = BE9DE3922B1579AC00C928FE /* EventsTableViewManager.swift */; };
		BE9DE3962B159D6100C928FE /* AddEventView.swift in Sources */ = {isa = PBXBuildFile; fileRef = BE9DE3952B159D6100C928FE /* AddEventView.swift */; };
		BE9DE3982B15AB1B00C928FE /* AddEventViewController.swift in Sources */ = {isa = PBXBuildFile; fileRef = BE9DE3972B15AB1B00C928FE /* AddEventViewController.swift */; };
		BE9DE39B2B1694FB00C928FE /* MapView.swift in Sources */ = {isa = PBXBuildFile; fileRef = BE9DE39A2B1694FB00C928FE /* MapView.swift */; };
		BE9DE39D2B16953500C928FE /* MapViewController.swift in Sources */ = {isa = PBXBuildFile; fileRef = BE9DE39C2B16953500C928FE /* MapViewController.swift */; };
		BE9DE39F2B16A6FD00C928FE /* Utilities.swift in Sources */ = {isa = PBXBuildFile; fileRef = BE9DE39E2B16A6FD00C928FE /* Utilities.swift */; };
		BE9DE3A22B17132300C928FE /* DisplayEventView.swift in Sources */ = {isa = PBXBuildFile; fileRef = BE9DE3A12B17132300C928FE /* DisplayEventView.swift */; };
		BE9DE3A42B17143B00C928FE /* DisplayEventViewController.swift in Sources */ = {isa = PBXBuildFile; fileRef = BE9DE3A32B17143B00C928FE /* DisplayEventViewController.swift */; };
		BE9DE3A62B1D1E1100C928FE /* ActivitiesTableViewCell.swift in Sources */ = {isa = PBXBuildFile; fileRef = BE9DE3A52B1D1E1100C928FE /* ActivitiesTableViewCell.swift */; };
		BE9DE3A82B1D205D00C928FE /* ActivitiesTableViewManager.swift in Sources */ = {isa = PBXBuildFile; fileRef = BE9DE3A72B1D205D00C928FE /* ActivitiesTableViewManager.swift */; };
		BE9DE3AA2B1D21CB00C928FE /* Activity.swift in Sources */ = {isa = PBXBuildFile; fileRef = BE9DE3A92B1D21CB00C928FE /* Activity.swift */; };
		BE9DE3AD2B1D286E00C928FE /* lemon.png in Resources */ = {isa = PBXBuildFile; fileRef = BE9DE3AC2B1D286E00C928FE /* lemon.png */; };
		BE9DE3AF2B1D287900C928FE /* broccoli.png in Resources */ = {isa = PBXBuildFile; fileRef = BE9DE3AE2B1D287900C928FE /* broccoli.png */; };
		BE9DE3B12B1D287E00C928FE /* cut_of_meat.png in Resources */ = {isa = PBXBuildFile; fileRef = BE9DE3B02B1D287E00C928FE /* cut_of_meat.png */; };
		BE9DE3B32B1D288300C928FE /* runner.png in Resources */ = {isa = PBXBuildFile; fileRef = BE9DE3B22B1D288300C928FE /* runner.png */; };
		BE9DE3B52B1D288800C928FE /* man-biking.png in Resources */ = {isa = PBXBuildFile; fileRef = BE9DE3B42B1D288800C928FE /* man-biking.png */; };
		BE9DE3B72B1D288C00C928FE /* martial_arts_uniform.png in Resources */ = {isa = PBXBuildFile; fileRef = BE9DE3B62B1D288C00C928FE /* martial_arts_uniform.png */; };
		BE9DE3BA2B1DA4C300C928FE /* FriendsChatView.swift in Sources */ = {isa = PBXBuildFile; fileRef = BE9DE3B92B1DA4C300C928FE /* FriendsChatView.swift */; };
		BE9DE3BC2B1E68CE00C928FE /* FriendsChatViewController.swift in Sources */ = {isa = PBXBuildFile; fileRef = BE9DE3BB2B1E68CE00C928FE /* FriendsChatViewController.swift */; };
		BE9DE3BE2B1E70B500C928FE /* FriendsTableViewCell.swift in Sources */ = {isa = PBXBuildFile; fileRef = BE9DE3BD2B1E70B500C928FE /* FriendsTableViewCell.swift */; };
		BE9DE3C12B1E815400C928FE /* MessagesTableViewCell.swift in Sources */ = {isa = PBXBuildFile; fileRef = BE9DE3C02B1E815400C928FE /* MessagesTableViewCell.swift */; };
		BE9DE3C32B1E81B000C928FE /* ChatScreenView.swift in Sources */ = {isa = PBXBuildFile; fileRef = BE9DE3C22B1E81B000C928FE /* ChatScreenView.swift */; };
		BE9DE3C52B1E81ED00C928FE /* ChatViewController.swift in Sources */ = {isa = PBXBuildFile; fileRef = BE9DE3C42B1E81ED00C928FE /* ChatViewController.swift */; };
		BE9DE3C72B1E820300C928FE /* Message.swift in Sources */ = {isa = PBXBuildFile; fileRef = BE9DE3C62B1E820300C928FE /* Message.swift */; };
		BEC49C772B07332500A94F10 /* AppDelegate.swift in Sources */ = {isa = PBXBuildFile; fileRef = BEC49C762B07332500A94F10 /* AppDelegate.swift */; };
		BEC49C792B07332500A94F10 /* SceneDelegate.swift in Sources */ = {isa = PBXBuildFile; fileRef = BEC49C782B07332500A94F10 /* SceneDelegate.swift */; };
		BEC49C7B2B07332500A94F10 /* ViewController.swift in Sources */ = {isa = PBXBuildFile; fileRef = BEC49C7A2B07332500A94F10 /* ViewController.swift */; };
		BEC49C7E2B07332500A94F10 /* Main.storyboard in Resources */ = {isa = PBXBuildFile; fileRef = BEC49C7C2B07332500A94F10 /* Main.storyboard */; };
		BEC49C802B07332800A94F10 /* Assets.xcassets in Resources */ = {isa = PBXBuildFile; fileRef = BEC49C7F2B07332800A94F10 /* Assets.xcassets */; };
		BEC49C832B07332800A94F10 /* LaunchScreen.storyboard in Resources */ = {isa = PBXBuildFile; fileRef = BEC49C812B07332800A94F10 /* LaunchScreen.storyboard */; };
		BEC49C8B2B07340500A94F10 /* GoogleService-Info.plist in Resources */ = {isa = PBXBuildFile; fileRef = BEC49C8A2B07340500A94F10 /* GoogleService-Info.plist */; };
		BEC49C8E2B07357B00A94F10 /* FirebaseAnalytics in Frameworks */ = {isa = PBXBuildFile; productRef = BEC49C8D2B07357B00A94F10 /* FirebaseAnalytics */; };
		BEC49C902B07357B00A94F10 /* FirebaseAnalyticsOnDeviceConversion in Frameworks */ = {isa = PBXBuildFile; productRef = BEC49C8F2B07357B00A94F10 /* FirebaseAnalyticsOnDeviceConversion */; };
		BEC49C922B07357B00A94F10 /* FirebaseAnalyticsSwift in Frameworks */ = {isa = PBXBuildFile; productRef = BEC49C912B07357B00A94F10 /* FirebaseAnalyticsSwift */; };
		BEC49C942B07357B00A94F10 /* FirebaseAnalyticsWithoutAdIdSupport in Frameworks */ = {isa = PBXBuildFile; productRef = BEC49C932B07357B00A94F10 /* FirebaseAnalyticsWithoutAdIdSupport */; };
		BEC49C962B07357B00A94F10 /* FirebaseAppCheck in Frameworks */ = {isa = PBXBuildFile; productRef = BEC49C952B07357B00A94F10 /* FirebaseAppCheck */; };
/* End PBXBuildFile section */

/* Begin PBXFileReference section */
		BE2C2F022B15490A00270149 /* RegisterView.swift */ = {isa = PBXFileReference; lastKnownFileType = sourcecode.swift; path = RegisterView.swift; sourceTree = "<group>"; };
		BE2C2F042B15493300270149 /* RegisterProgressIndicatorManager.swift */ = {isa = PBXFileReference; lastKnownFileType = sourcecode.swift; path = RegisterProgressIndicatorManager.swift; sourceTree = "<group>"; };
		BE2C2F062B15495200270149 /* RegisterViewController.swift */ = {isa = PBXFileReference; lastKnownFileType = sourcecode.swift; path = RegisterViewController.swift; sourceTree = "<group>"; };
		BE2C2F082B15498500270149 /* RegisterFirebaseManager.swift */ = {isa = PBXFileReference; lastKnownFileType = sourcecode.swift; path = RegisterFirebaseManager.swift; sourceTree = "<group>"; };
		BE2C2F412B154A0A00270149 /* User.swift */ = {isa = PBXFileReference; lastKnownFileType = sourcecode.swift; path = User.swift; sourceTree = "<group>"; };
		BE2C2F442B154A5500270149 /* ProgressSpinnerDelegate.swift */ = {isa = PBXFileReference; lastKnownFileType = sourcecode.swift; path = ProgressSpinnerDelegate.swift; sourceTree = "<group>"; };
		BE2C2F462B154A6500270149 /* ProgressSpinnerViewController.swift */ = {isa = PBXFileReference; lastKnownFileType = sourcecode.swift; path = ProgressSpinnerViewController.swift; sourceTree = "<group>"; };
		BE2C2F492B154B5500270149 /* MainScreenView.swift */ = {isa = PBXFileReference; lastKnownFileType = sourcecode.swift; path = MainScreenView.swift; sourceTree = "<group>"; };
		BE2C2F4C2B154BDB00270149 /* Configs.swift */ = {isa = PBXFileReference; lastKnownFileType = sourcecode.swift; path = Configs.swift; sourceTree = "<group>"; };
		BE2C2F4E2B154C1000270149 /* EventsTableViewCell.swift */ = {isa = PBXFileReference; lastKnownFileType = sourcecode.swift; path = EventsTableViewCell.swift; sourceTree = "<group>"; };
		BE2C2F502B154D3300270149 /* RightBarButtonManager.swift */ = {isa = PBXFileReference; lastKnownFileType = sourcecode.swift; path = RightBarButtonManager.swift; sourceTree = "<group>"; };
		BE2C2F522B154E7000270149 /* Event.swift */ = {isa = PBXFileReference; lastKnownFileType = sourcecode.swift; path = Event.swift; sourceTree = "<group>"; };
		BE9DE3922B1579AC00C928FE /* EventsTableViewManager.swift */ = {isa = PBXFileReference; lastKnownFileType = sourcecode.swift; path = EventsTableViewManager.swift; sourceTree = "<group>"; };
		BE9DE3952B159D6100C928FE /* AddEventView.swift */ = {isa = PBXFileReference; lastKnownFileType = sourcecode.swift; path = AddEventView.swift; sourceTree = "<group>"; };
		BE9DE3972B15AB1B00C928FE /* AddEventViewController.swift */ = {isa = PBXFileReference; lastKnownFileType = sourcecode.swift; path = AddEventViewController.swift; sourceTree = "<group>"; };
		BE9DE39A2B1694FB00C928FE /* MapView.swift */ = {isa = PBXFileReference; lastKnownFileType = sourcecode.swift; path = MapView.swift; sourceTree = "<group>"; };
		BE9DE39C2B16953500C928FE /* MapViewController.swift */ = {isa = PBXFileReference; lastKnownFileType = sourcecode.swift; path = MapViewController.swift; sourceTree = "<group>"; };
		BE9DE39E2B16A6FD00C928FE /* Utilities.swift */ = {isa = PBXFileReference; lastKnownFileType = sourcecode.swift; path = Utilities.swift; sourceTree = "<group>"; };
		BE9DE3A12B17132300C928FE /* DisplayEventView.swift */ = {isa = PBXFileReference; lastKnownFileType = sourcecode.swift; path = DisplayEventView.swift; sourceTree = "<group>"; };
		BE9DE3A32B17143B00C928FE /* DisplayEventViewController.swift */ = {isa = PBXFileReference; lastKnownFileType = sourcecode.swift; path = DisplayEventViewController.swift; sourceTree = "<group>"; };
		BE9DE3A52B1D1E1100C928FE /* ActivitiesTableViewCell.swift */ = {isa = PBXFileReference; lastKnownFileType = sourcecode.swift; path = ActivitiesTableViewCell.swift; sourceTree = "<group>"; };
		BE9DE3A72B1D205D00C928FE /* ActivitiesTableViewManager.swift */ = {isa = PBXFileReference; lastKnownFileType = sourcecode.swift; path = ActivitiesTableViewManager.swift; sourceTree = "<group>"; };
		BE9DE3A92B1D21CB00C928FE /* Activity.swift */ = {isa = PBXFileReference; lastKnownFileType = sourcecode.swift; path = Activity.swift; sourceTree = "<group>"; };
		BE9DE3AC2B1D286E00C928FE /* lemon.png */ = {isa = PBXFileReference; lastKnownFileType = image.png; path = lemon.png; sourceTree = "<group>"; };
		BE9DE3AE2B1D287900C928FE /* broccoli.png */ = {isa = PBXFileReference; lastKnownFileType = image.png; path = broccoli.png; sourceTree = "<group>"; };
		BE9DE3B02B1D287E00C928FE /* cut_of_meat.png */ = {isa = PBXFileReference; lastKnownFileType = image.png; path = cut_of_meat.png; sourceTree = "<group>"; };
		BE9DE3B22B1D288300C928FE /* runner.png */ = {isa = PBXFileReference; lastKnownFileType = image.png; path = runner.png; sourceTree = "<group>"; };
		BE9DE3B42B1D288800C928FE /* man-biking.png */ = {isa = PBXFileReference; lastKnownFileType = image.png; path = "man-biking.png"; sourceTree = "<group>"; };
		BE9DE3B62B1D288C00C928FE /* martial_arts_uniform.png */ = {isa = PBXFileReference; lastKnownFileType = image.png; path = martial_arts_uniform.png; sourceTree = "<group>"; };
		BE9DE3B92B1DA4C300C928FE /* FriendsChatView.swift */ = {isa = PBXFileReference; lastKnownFileType = sourcecode.swift; path = FriendsChatView.swift; sourceTree = "<group>"; };
		BE9DE3BB2B1E68CE00C928FE /* FriendsChatViewController.swift */ = {isa = PBXFileReference; lastKnownFileType = sourcecode.swift; path = FriendsChatViewController.swift; sourceTree = "<group>"; };
		BE9DE3BD2B1E70B500C928FE /* FriendsTableViewCell.swift */ = {isa = PBXFileReference; lastKnownFileType = sourcecode.swift; path = FriendsTableViewCell.swift; sourceTree = "<group>"; };
		BE9DE3C02B1E815400C928FE /* MessagesTableViewCell.swift */ = {isa = PBXFileReference; lastKnownFileType = sourcecode.swift; path = MessagesTableViewCell.swift; sourceTree = "<group>"; };
		BE9DE3C22B1E81B000C928FE /* ChatScreenView.swift */ = {isa = PBXFileReference; lastKnownFileType = sourcecode.swift; path = ChatScreenView.swift; sourceTree = "<group>"; };
		BE9DE3C42B1E81ED00C928FE /* ChatViewController.swift */ = {isa = PBXFileReference; lastKnownFileType = sourcecode.swift; path = ChatViewController.swift; sourceTree = "<group>"; };
		BE9DE3C62B1E820300C928FE /* Message.swift */ = {isa = PBXFileReference; lastKnownFileType = sourcecode.swift; path = Message.swift; sourceTree = "<group>"; };
		BEC49C732B07332500A94F10 /* FitTogether.app */ = {isa = PBXFileReference; explicitFileType = wrapper.application; includeInIndex = 0; path = FitTogether.app; sourceTree = BUILT_PRODUCTS_DIR; };
		BEC49C762B07332500A94F10 /* AppDelegate.swift */ = {isa = PBXFileReference; lastKnownFileType = sourcecode.swift; path = AppDelegate.swift; sourceTree = "<group>"; };
		BEC49C782B07332500A94F10 /* SceneDelegate.swift */ = {isa = PBXFileReference; lastKnownFileType = sourcecode.swift; path = SceneDelegate.swift; sourceTree = "<group>"; };
		BEC49C7A2B07332500A94F10 /* ViewController.swift */ = {isa = PBXFileReference; lastKnownFileType = sourcecode.swift; path = ViewController.swift; sourceTree = "<group>"; };
		BEC49C7D2B07332500A94F10 /* Base */ = {isa = PBXFileReference; lastKnownFileType = file.storyboard; name = Base; path = Base.lproj/Main.storyboard; sourceTree = "<group>"; };
		BEC49C7F2B07332800A94F10 /* Assets.xcassets */ = {isa = PBXFileReference; lastKnownFileType = folder.assetcatalog; path = Assets.xcassets; sourceTree = "<group>"; };
		BEC49C822B07332800A94F10 /* Base */ = {isa = PBXFileReference; lastKnownFileType = file.storyboard; name = Base; path = Base.lproj/LaunchScreen.storyboard; sourceTree = "<group>"; };
		BEC49C842B07332800A94F10 /* Info.plist */ = {isa = PBXFileReference; lastKnownFileType = text.plist.xml; path = Info.plist; sourceTree = "<group>"; };
		BEC49C8A2B07340500A94F10 /* GoogleService-Info.plist */ = {isa = PBXFileReference; fileEncoding = 4; lastKnownFileType = text.plist.xml; path = "GoogleService-Info.plist"; sourceTree = "<group>"; };
/* End PBXFileReference section */

/* Begin PBXFrameworksBuildPhase section */
		BEC49C702B07332500A94F10 /* Frameworks */ = {
			isa = PBXFrameworksBuildPhase;
			buildActionMask = 2147483647;
			files = (
				BE2C2F352B1549B400270149 /* FirebaseMessaging in Frameworks */,
				BE2C2F252B1549B400270149 /* FirebaseFirestoreCombine-Community in Frameworks */,
				BE2C2F1D2B1549B400270149 /* FirebaseDatabase in Frameworks */,
				BEC49C922B07357B00A94F10 /* FirebaseAnalyticsSwift in Frameworks */,
				BE2C2F3D2B1549B400270149 /* FirebaseStorage in Frameworks */,
				BEC49C8E2B07357B00A94F10 /* FirebaseAnalytics in Frameworks */,
				BE2C2F0B2B1549B400270149 /* FirebaseAnalytics in Frameworks */,
				BE2C2F1B2B1549B400270149 /* FirebaseCrashlytics in Frameworks */,
				BE2C2F232B1549B400270149 /* FirebaseFirestore in Frameworks */,
				BE2C2F212B1549B400270149 /* FirebaseDynamicLinks in Frameworks */,
				BE2C2F3F2B1549B400270149 /* FirebaseStorageCombine-Community in Frameworks */,
				BE2C2F0D2B1549B400270149 /* FirebaseAnalyticsOnDeviceConversion in Frameworks */,
				BE2C2F2B2B1549B400270149 /* FirebaseFunctionsCombine-Community in Frameworks */,
				BE2C2F2F2B1549B400270149 /* FirebaseInAppMessagingSwift-Beta in Frameworks */,
				BE2C2F332B1549B400270149 /* FirebaseMLModelDownloader in Frameworks */,
				BE2C2F2D2B1549B400270149 /* FirebaseInAppMessaging-Beta in Frameworks */,
				BE2C2F372B1549B400270149 /* FirebasePerformance in Frameworks */,
				BE2C2F192B1549B400270149 /* FirebaseAuthCombine-Community in Frameworks */,
				BE2C2F0F2B1549B400270149 /* FirebaseAnalyticsSwift in Frameworks */,
				BE2C2F1F2B1549B400270149 /* FirebaseDatabaseSwift in Frameworks */,
				BEC49C902B07357B00A94F10 /* FirebaseAnalyticsOnDeviceConversion in Frameworks */,
				BE2C2F392B1549B400270149 /* FirebaseRemoteConfig in Frameworks */,
				BEC49C962B07357B00A94F10 /* FirebaseAppCheck in Frameworks */,
				BE2C2F172B1549B400270149 /* FirebaseAuth in Frameworks */,
				BE2C2F292B1549B400270149 /* FirebaseFunctions in Frameworks */,
				BE2C2F312B1549B400270149 /* FirebaseInstallations in Frameworks */,
				BE2C2F272B1549B400270149 /* FirebaseFirestoreSwift in Frameworks */,
				BE2C2F112B1549B400270149 /* FirebaseAnalyticsWithoutAdIdSupport in Frameworks */,
				BE2C2F132B1549B400270149 /* FirebaseAppCheck in Frameworks */,
				BE2C2F3B2B1549B400270149 /* FirebaseRemoteConfigSwift in Frameworks */,
				BE2C2F152B1549B400270149 /* FirebaseAppDistribution-Beta in Frameworks */,
				BEC49C942B07357B00A94F10 /* FirebaseAnalyticsWithoutAdIdSupport in Frameworks */,
			);
			runOnlyForDeploymentPostprocessing = 0;
		};
/* End PBXFrameworksBuildPhase section */

/* Begin PBXGroup section */
		BE2C2F012B1548F000270149 /* Register Screen */ = {
			isa = PBXGroup;
			children = (
				BE2C2F022B15490A00270149 /* RegisterView.swift */,
				BE2C2F042B15493300270149 /* RegisterProgressIndicatorManager.swift */,
				BE2C2F062B15495200270149 /* RegisterViewController.swift */,
				BE2C2F082B15498500270149 /* RegisterFirebaseManager.swift */,
			);
			path = "Register Screen";
			sourceTree = "<group>";
		};
		BE2C2F402B1549FD00270149 /* Data Models */ = {
			isa = PBXGroup;
			children = (
				BE2C2F412B154A0A00270149 /* User.swift */,
				BE2C2F522B154E7000270149 /* Event.swift */,
				BE9DE39E2B16A6FD00C928FE /* Utilities.swift */,
				BE9DE3A92B1D21CB00C928FE /* Activity.swift */,
				BE9DE3C62B1E820300C928FE /* Message.swift */,
			);
			path = "Data Models";
			sourceTree = "<group>";
		};
		BE2C2F432B154A4200270149 /* Progress Indicator */ = {
			isa = PBXGroup;
			children = (
				BE2C2F442B154A5500270149 /* ProgressSpinnerDelegate.swift */,
				BE2C2F462B154A6500270149 /* ProgressSpinnerViewController.swift */,
			);
			path = "Progress Indicator";
			sourceTree = "<group>";
		};
		BE2C2F482B154B4100270149 /* Main Screen */ = {
			isa = PBXGroup;
			children = (
				BE2C2F492B154B5500270149 /* MainScreenView.swift */,
				BE2C2F4E2B154C1000270149 /* EventsTableViewCell.swift */,
				BE2C2F502B154D3300270149 /* RightBarButtonManager.swift */,
				BE9DE3922B1579AC00C928FE /* EventsTableViewManager.swift */,
			);
			path = "Main Screen";
			sourceTree = "<group>";
		};
		BE9DE3942B159B8A00C928FE /* Add Event Screen */ = {
			isa = PBXGroup;
			children = (
				BE9DE3952B159D6100C928FE /* AddEventView.swift */,
				BE9DE3972B15AB1B00C928FE /* AddEventViewController.swift */,
			);
			path = "Add Event Screen";
			sourceTree = "<group>";
		};
		BE9DE3992B1694DF00C928FE /* Map Screen */ = {
			isa = PBXGroup;
			children = (
				BE9DE39A2B1694FB00C928FE /* MapView.swift */,
				BE9DE39C2B16953500C928FE /* MapViewController.swift */,
			);
			path = "Map Screen";
			sourceTree = "<group>";
		};
		BE9DE3A02B17130300C928FE /* Display Event Screen */ = {
			isa = PBXGroup;
			children = (
				BE9DE3A12B17132300C928FE /* DisplayEventView.swift */,
				BE9DE3A32B17143B00C928FE /* DisplayEventViewController.swift */,
				BE9DE3A52B1D1E1100C928FE /* ActivitiesTableViewCell.swift */,
				BE9DE3A72B1D205D00C928FE /* ActivitiesTableViewManager.swift */,
			);
			path = "Display Event Screen";
			sourceTree = "<group>";
		};
		BE9DE3AB2B1D284800C928FE /* Images */ = {
			isa = PBXGroup;
			children = (
				BE9DE3B22B1D288300C928FE /* runner.png */,
				BE9DE3B02B1D287E00C928FE /* cut_of_meat.png */,
				BE9DE3AE2B1D287900C928FE /* broccoli.png */,
				BE9DE3B62B1D288C00C928FE /* martial_arts_uniform.png */,
				BE9DE3B42B1D288800C928FE /* man-biking.png */,
				BE9DE3AC2B1D286E00C928FE /* lemon.png */,
			);
			path = Images;
			sourceTree = "<group>";
		};
		BE9DE3B82B1DA4A100C928FE /* Friends Chat Screen */ = {
			isa = PBXGroup;
			children = (
				BE9DE3B92B1DA4C300C928FE /* FriendsChatView.swift */,
				BE9DE3BB2B1E68CE00C928FE /* FriendsChatViewController.swift */,
				BE9DE3BD2B1E70B500C928FE /* FriendsTableViewCell.swift */,
			);
			path = "Friends Chat Screen";
			sourceTree = "<group>";
		};
		BE9DE3BF2B1E812300C928FE /* Message Screen */ = {
			isa = PBXGroup;
			children = (
				BE9DE3C02B1E815400C928FE /* MessagesTableViewCell.swift */,
				BE9DE3C22B1E81B000C928FE /* ChatScreenView.swift */,
				BE9DE3C42B1E81ED00C928FE /* ChatViewController.swift */,
			);
			path = "Message Screen";
			sourceTree = "<group>";
		};
		BEC49C6A2B07332500A94F10 = {
			isa = PBXGroup;
			children = (
				BEC49C752B07332500A94F10 /* FitTogether */,
				BEC49C742B07332500A94F10 /* Products */,
			);
			sourceTree = "<group>";
		};
		BEC49C742B07332500A94F10 /* Products */ = {
			isa = PBXGroup;
			children = (
				BEC49C732B07332500A94F10 /* FitTogether.app */,
			);
			name = Products;
			sourceTree = "<group>";
		};
		BEC49C752B07332500A94F10 /* FitTogether */ = {
			isa = PBXGroup;
			children = (
				BE9DE3BF2B1E812300C928FE /* Message Screen */,
				BE9DE3B82B1DA4A100C928FE /* Friends Chat Screen */,
				BE9DE3AB2B1D284800C928FE /* Images */,
				BE9DE3A02B17130300C928FE /* Display Event Screen */,
				BE9DE3992B1694DF00C928FE /* Map Screen */,
				BE9DE3942B159B8A00C928FE /* Add Event Screen */,
				BE2C2F482B154B4100270149 /* Main Screen */,
				BE2C2F432B154A4200270149 /* Progress Indicator */,
				BE2C2F402B1549FD00270149 /* Data Models */,
				BE2C2F012B1548F000270149 /* Register Screen */,
				BEC49C762B07332500A94F10 /* AppDelegate.swift */,
				BEC49C782B07332500A94F10 /* SceneDelegate.swift */,
				BEC49C7A2B07332500A94F10 /* ViewController.swift */,
				BEC49C7C2B07332500A94F10 /* Main.storyboard */,
				BEC49C7F2B07332800A94F10 /* Assets.xcassets */,
				BEC49C812B07332800A94F10 /* LaunchScreen.storyboard */,
				BEC49C842B07332800A94F10 /* Info.plist */,
				BEC49C8A2B07340500A94F10 /* GoogleService-Info.plist */,
				BE2C2F4C2B154BDB00270149 /* Configs.swift */,
			);
			path = FitTogether;
			sourceTree = "<group>";
		};
/* End PBXGroup section */

/* Begin PBXNativeTarget section */
		BEC49C722B07332500A94F10 /* FitTogether */ = {
			isa = PBXNativeTarget;
			buildConfigurationList = BEC49C872B07332800A94F10 /* Build configuration list for PBXNativeTarget "FitTogether" */;
			buildPhases = (
				BEC49C6F2B07332500A94F10 /* Sources */,
				BEC49C702B07332500A94F10 /* Frameworks */,
				BEC49C712B07332500A94F10 /* Resources */,
			);
			buildRules = (
			);
			dependencies = (
			);
			name = FitTogether;
			packageProductDependencies = (
				BEC49C8D2B07357B00A94F10 /* FirebaseAnalytics */,
				BEC49C8F2B07357B00A94F10 /* FirebaseAnalyticsOnDeviceConversion */,
				BEC49C912B07357B00A94F10 /* FirebaseAnalyticsSwift */,
				BEC49C932B07357B00A94F10 /* FirebaseAnalyticsWithoutAdIdSupport */,
				BEC49C952B07357B00A94F10 /* FirebaseAppCheck */,
				BE2C2F0A2B1549B400270149 /* FirebaseAnalytics */,
				BE2C2F0C2B1549B400270149 /* FirebaseAnalyticsOnDeviceConversion */,
				BE2C2F0E2B1549B400270149 /* FirebaseAnalyticsSwift */,
				BE2C2F102B1549B400270149 /* FirebaseAnalyticsWithoutAdIdSupport */,
				BE2C2F122B1549B400270149 /* FirebaseAppCheck */,
				BE2C2F142B1549B400270149 /* FirebaseAppDistribution-Beta */,
				BE2C2F162B1549B400270149 /* FirebaseAuth */,
				BE2C2F182B1549B400270149 /* FirebaseAuthCombine-Community */,
				BE2C2F1A2B1549B400270149 /* FirebaseCrashlytics */,
				BE2C2F1C2B1549B400270149 /* FirebaseDatabase */,
				BE2C2F1E2B1549B400270149 /* FirebaseDatabaseSwift */,
				BE2C2F202B1549B400270149 /* FirebaseDynamicLinks */,
				BE2C2F222B1549B400270149 /* FirebaseFirestore */,
				BE2C2F242B1549B400270149 /* FirebaseFirestoreCombine-Community */,
				BE2C2F262B1549B400270149 /* FirebaseFirestoreSwift */,
				BE2C2F282B1549B400270149 /* FirebaseFunctions */,
				BE2C2F2A2B1549B400270149 /* FirebaseFunctionsCombine-Community */,
				BE2C2F2C2B1549B400270149 /* FirebaseInAppMessaging-Beta */,
				BE2C2F2E2B1549B400270149 /* FirebaseInAppMessagingSwift-Beta */,
				BE2C2F302B1549B400270149 /* FirebaseInstallations */,
				BE2C2F322B1549B400270149 /* FirebaseMLModelDownloader */,
				BE2C2F342B1549B400270149 /* FirebaseMessaging */,
				BE2C2F362B1549B400270149 /* FirebasePerformance */,
				BE2C2F382B1549B400270149 /* FirebaseRemoteConfig */,
				BE2C2F3A2B1549B400270149 /* FirebaseRemoteConfigSwift */,
				BE2C2F3C2B1549B400270149 /* FirebaseStorage */,
				BE2C2F3E2B1549B400270149 /* FirebaseStorageCombine-Community */,
			);
			productName = FitTogether;
			productReference = BEC49C732B07332500A94F10 /* FitTogether.app */;
			productType = "com.apple.product-type.application";
		};
/* End PBXNativeTarget section */

/* Begin PBXProject section */
		BEC49C6B2B07332500A94F10 /* Project object */ = {
			isa = PBXProject;
			attributes = {
				BuildIndependentTargetsInParallel = 1;
				LastSwiftUpdateCheck = 1500;
				LastUpgradeCheck = 1500;
				TargetAttributes = {
					BEC49C722B07332500A94F10 = {
						CreatedOnToolsVersion = 15.0.1;
					};
				};
			};
			buildConfigurationList = BEC49C6E2B07332500A94F10 /* Build configuration list for PBXProject "FitTogether" */;
			compatibilityVersion = "Xcode 14.0";
			developmentRegion = en;
			hasScannedForEncodings = 0;
			knownRegions = (
				en,
				Base,
			);
			mainGroup = BEC49C6A2B07332500A94F10;
			packageReferences = (
				BEC49C8C2B07357B00A94F10 /* XCRemoteSwiftPackageReference "firebase-ios-sdk" */,
			);
			productRefGroup = BEC49C742B07332500A94F10 /* Products */;
			projectDirPath = "";
			projectRoot = "";
			targets = (
				BEC49C722B07332500A94F10 /* FitTogether */,
			);
		};
/* End PBXProject section */

/* Begin PBXResourcesBuildPhase section */
		BEC49C712B07332500A94F10 /* Resources */ = {
			isa = PBXResourcesBuildPhase;
			buildActionMask = 2147483647;
			files = (
				BE9DE3AF2B1D287900C928FE /* broccoli.png in Resources */,
				BE9DE3B72B1D288C00C928FE /* martial_arts_uniform.png in Resources */,
				BE9DE3B52B1D288800C928FE /* man-biking.png in Resources */,
				BEC49C832B07332800A94F10 /* LaunchScreen.storyboard in Resources */,
				BEC49C8B2B07340500A94F10 /* GoogleService-Info.plist in Resources */,
				BE9DE3B12B1D287E00C928FE /* cut_of_meat.png in Resources */,
				BE9DE3AD2B1D286E00C928FE /* lemon.png in Resources */,
				BEC49C802B07332800A94F10 /* Assets.xcassets in Resources */,
				BEC49C7E2B07332500A94F10 /* Main.storyboard in Resources */,
				BE9DE3B32B1D288300C928FE /* runner.png in Resources */,
			);
			runOnlyForDeploymentPostprocessing = 0;
		};
/* End PBXResourcesBuildPhase section */

/* Begin PBXSourcesBuildPhase section */
		BEC49C6F2B07332500A94F10 /* Sources */ = {
			isa = PBXSourcesBuildPhase;
			buildActionMask = 2147483647;
			files = (
				BE9DE3BC2B1E68CE00C928FE /* FriendsChatViewController.swift in Sources */,
				BE2C2F092B15498500270149 /* RegisterFirebaseManager.swift in Sources */,
				BE2C2F052B15493300270149 /* RegisterProgressIndicatorManager.swift in Sources */,
				BE2C2F4F2B154C1000270149 /* EventsTableViewCell.swift in Sources */,
				BE9DE39D2B16953500C928FE /* MapViewController.swift in Sources */,
				BEC49C7B2B07332500A94F10 /* ViewController.swift in Sources */,
				BE9DE3C72B1E820300C928FE /* Message.swift in Sources */,
				BE2C2F532B154E7000270149 /* Event.swift in Sources */,
				BE9DE3C12B1E815400C928FE /* MessagesTableViewCell.swift in Sources */,
				BE9DE3BA2B1DA4C300C928FE /* FriendsChatView.swift in Sources */,
				BE2C2F472B154A6500270149 /* ProgressSpinnerViewController.swift in Sources */,
				BE2C2F032B15490A00270149 /* RegisterView.swift in Sources */,
				BE9DE3982B15AB1B00C928FE /* AddEventViewController.swift in Sources */,
				BE9DE39F2B16A6FD00C928FE /* Utilities.swift in Sources */,
				BE2C2F4D2B154BDB00270149 /* Configs.swift in Sources */,
				BE9DE3C32B1E81B000C928FE /* ChatScreenView.swift in Sources */,
				BE9DE3BE2B1E70B500C928FE /* FriendsTableViewCell.swift in Sources */,
				BE2C2F422B154A0A00270149 /* User.swift in Sources */,
				BE9DE3A22B17132300C928FE /* DisplayEventView.swift in Sources */,
				BE9DE3C52B1E81ED00C928FE /* ChatViewController.swift in Sources */,
				BE2C2F072B15495200270149 /* RegisterViewController.swift in Sources */,
				BE9DE3962B159D6100C928FE /* AddEventView.swift in Sources */,
				BE9DE3932B1579AC00C928FE /* EventsTableViewManager.swift in Sources */,
				BE9DE3A62B1D1E1100C928FE /* ActivitiesTableViewCell.swift in Sources */,
				BE2C2F4A2B154B5500270149 /* MainScreenView.swift in Sources */,
				BE2C2F512B154D3300270149 /* RightBarButtonManager.swift in Sources */,
				BE9DE39B2B1694FB00C928FE /* MapView.swift in Sources */,
				BE9DE3A42B17143B00C928FE /* DisplayEventViewController.swift in Sources */,
				BEC49C772B07332500A94F10 /* AppDelegate.swift in Sources */,
				BE2C2F452B154A5500270149 /* ProgressSpinnerDelegate.swift in Sources */,
				BEC49C792B07332500A94F10 /* SceneDelegate.swift in Sources */,
				BE9DE3AA2B1D21CB00C928FE /* Activity.swift in Sources */,
				BE9DE3A82B1D205D00C928FE /* ActivitiesTableViewManager.swift in Sources */,
			);
			runOnlyForDeploymentPostprocessing = 0;
		};
/* End PBXSourcesBuildPhase section */

/* Begin PBXVariantGroup section */
		BEC49C7C2B07332500A94F10 /* Main.storyboard */ = {
			isa = PBXVariantGroup;
			children = (
				BEC49C7D2B07332500A94F10 /* Base */,
			);
			name = Main.storyboard;
			sourceTree = "<group>";
		};
		BEC49C812B07332800A94F10 /* LaunchScreen.storyboard */ = {
			isa = PBXVariantGroup;
			children = (
				BEC49C822B07332800A94F10 /* Base */,
			);
			name = LaunchScreen.storyboard;
			sourceTree = "<group>";
		};
/* End PBXVariantGroup section */

/* Begin XCBuildConfiguration section */
		BEC49C852B07332800A94F10 /* Debug */ = {
			isa = XCBuildConfiguration;
			buildSettings = {
				ALWAYS_SEARCH_USER_PATHS = NO;
				ASSETCATALOG_COMPILER_GENERATE_SWIFT_ASSET_SYMBOL_EXTENSIONS = YES;
				CLANG_ANALYZER_NONNULL = YES;
				CLANG_ANALYZER_NUMBER_OBJECT_CONVERSION = YES_AGGRESSIVE;
				CLANG_CXX_LANGUAGE_STANDARD = "gnu++20";
				CLANG_ENABLE_MODULES = YES;
				CLANG_ENABLE_OBJC_ARC = YES;
				CLANG_ENABLE_OBJC_WEAK = YES;
				CLANG_WARN_BLOCK_CAPTURE_AUTORELEASING = YES;
				CLANG_WARN_BOOL_CONVERSION = YES;
				CLANG_WARN_COMMA = YES;
				CLANG_WARN_CONSTANT_CONVERSION = YES;
				CLANG_WARN_DEPRECATED_OBJC_IMPLEMENTATIONS = YES;
				CLANG_WARN_DIRECT_OBJC_ISA_USAGE = YES_ERROR;
				CLANG_WARN_DOCUMENTATION_COMMENTS = YES;
				CLANG_WARN_EMPTY_BODY = YES;
				CLANG_WARN_ENUM_CONVERSION = YES;
				CLANG_WARN_INFINITE_RECURSION = YES;
				CLANG_WARN_INT_CONVERSION = YES;
				CLANG_WARN_NON_LITERAL_NULL_CONVERSION = YES;
				CLANG_WARN_OBJC_IMPLICIT_RETAIN_SELF = YES;
				CLANG_WARN_OBJC_LITERAL_CONVERSION = YES;
				CLANG_WARN_OBJC_ROOT_CLASS = YES_ERROR;
				CLANG_WARN_QUOTED_INCLUDE_IN_FRAMEWORK_HEADER = YES;
				CLANG_WARN_RANGE_LOOP_ANALYSIS = YES;
				CLANG_WARN_STRICT_PROTOTYPES = YES;
				CLANG_WARN_SUSPICIOUS_MOVE = YES;
				CLANG_WARN_UNGUARDED_AVAILABILITY = YES_AGGRESSIVE;
				CLANG_WARN_UNREACHABLE_CODE = YES;
				CLANG_WARN__DUPLICATE_METHOD_MATCH = YES;
				COPY_PHASE_STRIP = NO;
				DEBUG_INFORMATION_FORMAT = dwarf;
				ENABLE_STRICT_OBJC_MSGSEND = YES;
				ENABLE_TESTABILITY = YES;
				ENABLE_USER_SCRIPT_SANDBOXING = YES;
				GCC_C_LANGUAGE_STANDARD = gnu17;
				GCC_DYNAMIC_NO_PIC = NO;
				GCC_NO_COMMON_BLOCKS = YES;
				GCC_OPTIMIZATION_LEVEL = 0;
				GCC_PREPROCESSOR_DEFINITIONS = (
					"DEBUG=1",
					"$(inherited)",
				);
				GCC_WARN_64_TO_32_BIT_CONVERSION = YES;
				GCC_WARN_ABOUT_RETURN_TYPE = YES_ERROR;
				GCC_WARN_UNDECLARED_SELECTOR = YES;
				GCC_WARN_UNINITIALIZED_AUTOS = YES_AGGRESSIVE;
				GCC_WARN_UNUSED_FUNCTION = YES;
				GCC_WARN_UNUSED_VARIABLE = YES;
				IPHONEOS_DEPLOYMENT_TARGET = 17.0;
				LOCALIZATION_PREFERS_STRING_CATALOGS = YES;
				MTL_ENABLE_DEBUG_INFO = INCLUDE_SOURCE;
				MTL_FAST_MATH = YES;
				ONLY_ACTIVE_ARCH = YES;
				SDKROOT = iphoneos;
				SWIFT_ACTIVE_COMPILATION_CONDITIONS = "DEBUG $(inherited)";
				SWIFT_OPTIMIZATION_LEVEL = "-Onone";
			};
			name = Debug;
		};
		BEC49C862B07332800A94F10 /* Release */ = {
			isa = XCBuildConfiguration;
			buildSettings = {
				ALWAYS_SEARCH_USER_PATHS = NO;
				ASSETCATALOG_COMPILER_GENERATE_SWIFT_ASSET_SYMBOL_EXTENSIONS = YES;
				CLANG_ANALYZER_NONNULL = YES;
				CLANG_ANALYZER_NUMBER_OBJECT_CONVERSION = YES_AGGRESSIVE;
				CLANG_CXX_LANGUAGE_STANDARD = "gnu++20";
				CLANG_ENABLE_MODULES = YES;
				CLANG_ENABLE_OBJC_ARC = YES;
				CLANG_ENABLE_OBJC_WEAK = YES;
				CLANG_WARN_BLOCK_CAPTURE_AUTORELEASING = YES;
				CLANG_WARN_BOOL_CONVERSION = YES;
				CLANG_WARN_COMMA = YES;
				CLANG_WARN_CONSTANT_CONVERSION = YES;
				CLANG_WARN_DEPRECATED_OBJC_IMPLEMENTATIONS = YES;
				CLANG_WARN_DIRECT_OBJC_ISA_USAGE = YES_ERROR;
				CLANG_WARN_DOCUMENTATION_COMMENTS = YES;
				CLANG_WARN_EMPTY_BODY = YES;
				CLANG_WARN_ENUM_CONVERSION = YES;
				CLANG_WARN_INFINITE_RECURSION = YES;
				CLANG_WARN_INT_CONVERSION = YES;
				CLANG_WARN_NON_LITERAL_NULL_CONVERSION = YES;
				CLANG_WARN_OBJC_IMPLICIT_RETAIN_SELF = YES;
				CLANG_WARN_OBJC_LITERAL_CONVERSION = YES;
				CLANG_WARN_OBJC_ROOT_CLASS = YES_ERROR;
				CLANG_WARN_QUOTED_INCLUDE_IN_FRAMEWORK_HEADER = YES;
				CLANG_WARN_RANGE_LOOP_ANALYSIS = YES;
				CLANG_WARN_STRICT_PROTOTYPES = YES;
				CLANG_WARN_SUSPICIOUS_MOVE = YES;
				CLANG_WARN_UNGUARDED_AVAILABILITY = YES_AGGRESSIVE;
				CLANG_WARN_UNREACHABLE_CODE = YES;
				CLANG_WARN__DUPLICATE_METHOD_MATCH = YES;
				COPY_PHASE_STRIP = NO;
				DEBUG_INFORMATION_FORMAT = "dwarf-with-dsym";
				ENABLE_NS_ASSERTIONS = NO;
				ENABLE_STRICT_OBJC_MSGSEND = YES;
				ENABLE_USER_SCRIPT_SANDBOXING = YES;
				GCC_C_LANGUAGE_STANDARD = gnu17;
				GCC_NO_COMMON_BLOCKS = YES;
				GCC_WARN_64_TO_32_BIT_CONVERSION = YES;
				GCC_WARN_ABOUT_RETURN_TYPE = YES_ERROR;
				GCC_WARN_UNDECLARED_SELECTOR = YES;
				GCC_WARN_UNINITIALIZED_AUTOS = YES_AGGRESSIVE;
				GCC_WARN_UNUSED_FUNCTION = YES;
				GCC_WARN_UNUSED_VARIABLE = YES;
				IPHONEOS_DEPLOYMENT_TARGET = 17.0;
				LOCALIZATION_PREFERS_STRING_CATALOGS = YES;
				MTL_ENABLE_DEBUG_INFO = NO;
				MTL_FAST_MATH = YES;
				SDKROOT = iphoneos;
				SWIFT_COMPILATION_MODE = wholemodule;
				VALIDATE_PRODUCT = YES;
			};
			name = Release;
		};
		BEC49C882B07332800A94F10 /* Debug */ = {
			isa = XCBuildConfiguration;
			buildSettings = {
				ASSETCATALOG_COMPILER_APPICON_NAME = AppIcon;
				ASSETCATALOG_COMPILER_GLOBAL_ACCENT_COLOR_NAME = AccentColor;
				CODE_SIGN_STYLE = Automatic;
				CURRENT_PROJECT_VERSION = 1;
				DEVELOPMENT_TEAM = PCZC3CH95B;
				GENERATE_INFOPLIST_FILE = YES;
				INFOPLIST_FILE = FitTogether/Info.plist;
				INFOPLIST_KEY_UIApplicationSupportsIndirectInputEvents = YES;
				INFOPLIST_KEY_UILaunchStoryboardName = LaunchScreen;
				INFOPLIST_KEY_UIMainStoryboardFile = Main;
				INFOPLIST_KEY_UISupportedInterfaceOrientations_iPad = "UIInterfaceOrientationPortrait UIInterfaceOrientationPortraitUpsideDown UIInterfaceOrientationLandscapeLeft UIInterfaceOrientationLandscapeRight";
				INFOPLIST_KEY_UISupportedInterfaceOrientations_iPhone = "UIInterfaceOrientationPortrait UIInterfaceOrientationLandscapeLeft UIInterfaceOrientationLandscapeRight";
				LD_RUNPATH_SEARCH_PATHS = (
					"$(inherited)",
					"@executable_path/Frameworks",
				);
				MARKETING_VERSION = 1.0;
				PRODUCT_BUNDLE_IDENTIFIER = com.nuios.FitTogether;
				PRODUCT_NAME = "$(TARGET_NAME)";
				SWIFT_EMIT_LOC_STRINGS = YES;
				SWIFT_VERSION = 5.0;
				TARGETED_DEVICE_FAMILY = "1,2";
			};
			name = Debug;
		};
		BEC49C892B07332800A94F10 /* Release */ = {
			isa = XCBuildConfiguration;
			buildSettings = {
				ASSETCATALOG_COMPILER_APPICON_NAME = AppIcon;
				ASSETCATALOG_COMPILER_GLOBAL_ACCENT_COLOR_NAME = AccentColor;
				CODE_SIGN_STYLE = Automatic;
				CURRENT_PROJECT_VERSION = 1;
				DEVELOPMENT_TEAM = PCZC3CH95B;
				GENERATE_INFOPLIST_FILE = YES;
				INFOPLIST_FILE = FitTogether/Info.plist;
				INFOPLIST_KEY_UIApplicationSupportsIndirectInputEvents = YES;
				INFOPLIST_KEY_UILaunchStoryboardName = LaunchScreen;
				INFOPLIST_KEY_UIMainStoryboardFile = Main;
				INFOPLIST_KEY_UISupportedInterfaceOrientations_iPad = "UIInterfaceOrientationPortrait UIInterfaceOrientationPortraitUpsideDown UIInterfaceOrientationLandscapeLeft UIInterfaceOrientationLandscapeRight";
				INFOPLIST_KEY_UISupportedInterfaceOrientations_iPhone = "UIInterfaceOrientationPortrait UIInterfaceOrientationLandscapeLeft UIInterfaceOrientationLandscapeRight";
				LD_RUNPATH_SEARCH_PATHS = (
					"$(inherited)",
					"@executable_path/Frameworks",
				);
				MARKETING_VERSION = 1.0;
				PRODUCT_BUNDLE_IDENTIFIER = com.nuios.FitTogether;
				PRODUCT_NAME = "$(TARGET_NAME)";
				SWIFT_EMIT_LOC_STRINGS = YES;
				SWIFT_VERSION = 5.0;
				TARGETED_DEVICE_FAMILY = "1,2";
			};
			name = Release;
		};
/* End XCBuildConfiguration section */

/* Begin XCConfigurationList section */
		BEC49C6E2B07332500A94F10 /* Build configuration list for PBXProject "FitTogether" */ = {
			isa = XCConfigurationList;
			buildConfigurations = (
				BEC49C852B07332800A94F10 /* Debug */,
				BEC49C862B07332800A94F10 /* Release */,
			);
			defaultConfigurationIsVisible = 0;
			defaultConfigurationName = Release;
		};
		BEC49C872B07332800A94F10 /* Build configuration list for PBXNativeTarget "FitTogether" */ = {
			isa = XCConfigurationList;
			buildConfigurations = (
				BEC49C882B07332800A94F10 /* Debug */,
				BEC49C892B07332800A94F10 /* Release */,
			);
			defaultConfigurationIsVisible = 0;
			defaultConfigurationName = Release;
		};
/* End XCConfigurationList section */

/* Begin XCRemoteSwiftPackageReference section */
		BEC49C8C2B07357B00A94F10 /* XCRemoteSwiftPackageReference "firebase-ios-sdk" */ = {
			isa = XCRemoteSwiftPackageReference;
			repositoryURL = "https://github.com/firebase/firebase-ios-sdk.git";
			requirement = {
				kind = upToNextMajorVersion;
				minimumVersion = 10.18.0;
			};
		};
/* End XCRemoteSwiftPackageReference section */

/* Begin XCSwiftPackageProductDependency section */
		BE2C2F0A2B1549B400270149 /* FirebaseAnalytics */ = {
			isa = XCSwiftPackageProductDependency;
			package = BEC49C8C2B07357B00A94F10 /* XCRemoteSwiftPackageReference "firebase-ios-sdk" */;
			productName = FirebaseAnalytics;
		};
		BE2C2F0C2B1549B400270149 /* FirebaseAnalyticsOnDeviceConversion */ = {
			isa = XCSwiftPackageProductDependency;
			package = BEC49C8C2B07357B00A94F10 /* XCRemoteSwiftPackageReference "firebase-ios-sdk" */;
			productName = FirebaseAnalyticsOnDeviceConversion;
		};
		BE2C2F0E2B1549B400270149 /* FirebaseAnalyticsSwift */ = {
			isa = XCSwiftPackageProductDependency;
			package = BEC49C8C2B07357B00A94F10 /* XCRemoteSwiftPackageReference "firebase-ios-sdk" */;
			productName = FirebaseAnalyticsSwift;
		};
		BE2C2F102B1549B400270149 /* FirebaseAnalyticsWithoutAdIdSupport */ = {
			isa = XCSwiftPackageProductDependency;
			package = BEC49C8C2B07357B00A94F10 /* XCRemoteSwiftPackageReference "firebase-ios-sdk" */;
			productName = FirebaseAnalyticsWithoutAdIdSupport;
		};
		BE2C2F122B1549B400270149 /* FirebaseAppCheck */ = {
			isa = XCSwiftPackageProductDependency;
			package = BEC49C8C2B07357B00A94F10 /* XCRemoteSwiftPackageReference "firebase-ios-sdk" */;
			productName = FirebaseAppCheck;
		};
		BE2C2F142B1549B400270149 /* FirebaseAppDistribution-Beta */ = {
			isa = XCSwiftPackageProductDependency;
			package = BEC49C8C2B07357B00A94F10 /* XCRemoteSwiftPackageReference "firebase-ios-sdk" */;
			productName = "FirebaseAppDistribution-Beta";
		};
		BE2C2F162B1549B400270149 /* FirebaseAuth */ = {
			isa = XCSwiftPackageProductDependency;
			package = BEC49C8C2B07357B00A94F10 /* XCRemoteSwiftPackageReference "firebase-ios-sdk" */;
			productName = FirebaseAuth;
		};
		BE2C2F182B1549B400270149 /* FirebaseAuthCombine-Community */ = {
			isa = XCSwiftPackageProductDependency;
			package = BEC49C8C2B07357B00A94F10 /* XCRemoteSwiftPackageReference "firebase-ios-sdk" */;
			productName = "FirebaseAuthCombine-Community";
		};
		BE2C2F1A2B1549B400270149 /* FirebaseCrashlytics */ = {
			isa = XCSwiftPackageProductDependency;
			package = BEC49C8C2B07357B00A94F10 /* XCRemoteSwiftPackageReference "firebase-ios-sdk" */;
			productName = FirebaseCrashlytics;
		};
		BE2C2F1C2B1549B400270149 /* FirebaseDatabase */ = {
			isa = XCSwiftPackageProductDependency;
			package = BEC49C8C2B07357B00A94F10 /* XCRemoteSwiftPackageReference "firebase-ios-sdk" */;
			productName = FirebaseDatabase;
		};
		BE2C2F1E2B1549B400270149 /* FirebaseDatabaseSwift */ = {
			isa = XCSwiftPackageProductDependency;
			package = BEC49C8C2B07357B00A94F10 /* XCRemoteSwiftPackageReference "firebase-ios-sdk" */;
			productName = FirebaseDatabaseSwift;
		};
		BE2C2F202B1549B400270149 /* FirebaseDynamicLinks */ = {
			isa = XCSwiftPackageProductDependency;
			package = BEC49C8C2B07357B00A94F10 /* XCRemoteSwiftPackageReference "firebase-ios-sdk" */;
			productName = FirebaseDynamicLinks;
		};
		BE2C2F222B1549B400270149 /* FirebaseFirestore */ = {
			isa = XCSwiftPackageProductDependency;
			package = BEC49C8C2B07357B00A94F10 /* XCRemoteSwiftPackageReference "firebase-ios-sdk" */;
			productName = FirebaseFirestore;
		};
		BE2C2F242B1549B400270149 /* FirebaseFirestoreCombine-Community */ = {
			isa = XCSwiftPackageProductDependency;
			package = BEC49C8C2B07357B00A94F10 /* XCRemoteSwiftPackageReference "firebase-ios-sdk" */;
			productName = "FirebaseFirestoreCombine-Community";
		};
		BE2C2F262B1549B400270149 /* FirebaseFirestoreSwift */ = {
			isa = XCSwiftPackageProductDependency;
			package = BEC49C8C2B07357B00A94F10 /* XCRemoteSwiftPackageReference "firebase-ios-sdk" */;
			productName = FirebaseFirestoreSwift;
		};
		BE2C2F282B1549B400270149 /* FirebaseFunctions */ = {
			isa = XCSwiftPackageProductDependency;
			package = BEC49C8C2B07357B00A94F10 /* XCRemoteSwiftPackageReference "firebase-ios-sdk" */;
			productName = FirebaseFunctions;
		};
		BE2C2F2A2B1549B400270149 /* FirebaseFunctionsCombine-Community */ = {
			isa = XCSwiftPackageProductDependency;
			package = BEC49C8C2B07357B00A94F10 /* XCRemoteSwiftPackageReference "firebase-ios-sdk" */;
			productName = "FirebaseFunctionsCombine-Community";
		};
		BE2C2F2C2B1549B400270149 /* FirebaseInAppMessaging-Beta */ = {
			isa = XCSwiftPackageProductDependency;
			package = BEC49C8C2B07357B00A94F10 /* XCRemoteSwiftPackageReference "firebase-ios-sdk" */;
			productName = "FirebaseInAppMessaging-Beta";
		};
		BE2C2F2E2B1549B400270149 /* FirebaseInAppMessagingSwift-Beta */ = {
			isa = XCSwiftPackageProductDependency;
			package = BEC49C8C2B07357B00A94F10 /* XCRemoteSwiftPackageReference "firebase-ios-sdk" */;
			productName = "FirebaseInAppMessagingSwift-Beta";
		};
		BE2C2F302B1549B400270149 /* FirebaseInstallations */ = {
			isa = XCSwiftPackageProductDependency;
			package = BEC49C8C2B07357B00A94F10 /* XCRemoteSwiftPackageReference "firebase-ios-sdk" */;
			productName = FirebaseInstallations;
		};
		BE2C2F322B1549B400270149 /* FirebaseMLModelDownloader */ = {
			isa = XCSwiftPackageProductDependency;
			package = BEC49C8C2B07357B00A94F10 /* XCRemoteSwiftPackageReference "firebase-ios-sdk" */;
			productName = FirebaseMLModelDownloader;
		};
		BE2C2F342B1549B400270149 /* FirebaseMessaging */ = {
			isa = XCSwiftPackageProductDependency;
			package = BEC49C8C2B07357B00A94F10 /* XCRemoteSwiftPackageReference "firebase-ios-sdk" */;
			productName = FirebaseMessaging;
		};
		BE2C2F362B1549B400270149 /* FirebasePerformance */ = {
			isa = XCSwiftPackageProductDependency;
			package = BEC49C8C2B07357B00A94F10 /* XCRemoteSwiftPackageReference "firebase-ios-sdk" */;
			productName = FirebasePerformance;
		};
		BE2C2F382B1549B400270149 /* FirebaseRemoteConfig */ = {
			isa = XCSwiftPackageProductDependency;
			package = BEC49C8C2B07357B00A94F10 /* XCRemoteSwiftPackageReference "firebase-ios-sdk" */;
			productName = FirebaseRemoteConfig;
		};
		BE2C2F3A2B1549B400270149 /* FirebaseRemoteConfigSwift */ = {
			isa = XCSwiftPackageProductDependency;
			package = BEC49C8C2B07357B00A94F10 /* XCRemoteSwiftPackageReference "firebase-ios-sdk" */;
			productName = FirebaseRemoteConfigSwift;
		};
		BE2C2F3C2B1549B400270149 /* FirebaseStorage */ = {
			isa = XCSwiftPackageProductDependency;
			package = BEC49C8C2B07357B00A94F10 /* XCRemoteSwiftPackageReference "firebase-ios-sdk" */;
			productName = FirebaseStorage;
		};
		BE2C2F3E2B1549B400270149 /* FirebaseStorageCombine-Community */ = {
			isa = XCSwiftPackageProductDependency;
			package = BEC49C8C2B07357B00A94F10 /* XCRemoteSwiftPackageReference "firebase-ios-sdk" */;
			productName = "FirebaseStorageCombine-Community";
		};
		BEC49C8D2B07357B00A94F10 /* FirebaseAnalytics */ = {
			isa = XCSwiftPackageProductDependency;
			package = BEC49C8C2B07357B00A94F10 /* XCRemoteSwiftPackageReference "firebase-ios-sdk" */;
			productName = FirebaseAnalytics;
		};
		BEC49C8F2B07357B00A94F10 /* FirebaseAnalyticsOnDeviceConversion */ = {
			isa = XCSwiftPackageProductDependency;
			package = BEC49C8C2B07357B00A94F10 /* XCRemoteSwiftPackageReference "firebase-ios-sdk" */;
			productName = FirebaseAnalyticsOnDeviceConversion;
		};
		BEC49C912B07357B00A94F10 /* FirebaseAnalyticsSwift */ = {
			isa = XCSwiftPackageProductDependency;
			package = BEC49C8C2B07357B00A94F10 /* XCRemoteSwiftPackageReference "firebase-ios-sdk" */;
			productName = FirebaseAnalyticsSwift;
		};
		BEC49C932B07357B00A94F10 /* FirebaseAnalyticsWithoutAdIdSupport */ = {
			isa = XCSwiftPackageProductDependency;
			package = BEC49C8C2B07357B00A94F10 /* XCRemoteSwiftPackageReference "firebase-ios-sdk" */;
			productName = FirebaseAnalyticsWithoutAdIdSupport;
		};
		BEC49C952B07357B00A94F10 /* FirebaseAppCheck */ = {
			isa = XCSwiftPackageProductDependency;
			package = BEC49C8C2B07357B00A94F10 /* XCRemoteSwiftPackageReference "firebase-ios-sdk" */;
			productName = FirebaseAppCheck;
		};
/* End XCSwiftPackageProductDependency section */
	};
	rootObject = BEC49C6B2B07332500A94F10 /* Project object */;
}
