// !$*UTF8*$!
{
	archiveVersion = 1;
	classes = {
	};
	objectVersion = 56;
	objects = {

/* Begin PBXBuildFile section */
		BEC49C772B07332500A94F10 /* AppDelegate.swift in Sources */ = {isa = PBXBuildFile; fileRef = BEC49C762B07332500A94F10 /* AppDelegate.swift */; };
		BEC49C792B07332500A94F10 /* SceneDelegate.swift in Sources */ = {isa = PBXBuildFile; fileRef = BEC49C782B07332500A94F10 /* SceneDelegate.swift */; };
		BEC49C7B2B07332500A94F10 /* ViewController.swift in Sources */ = {isa = PBXBuildFile; fileRef = BEC49C7A2B07332500A94F10 /* ViewController.swift */; };
		BEC49C7E2B07332500A94F10 /* Main.storyboard in Resources */ = {isa = PBXBuildFile; fileRef = BEC49C7C2B07332500A94F10 /* Main.storyboard */; };
		BEC49C802B07332800A94F10 /* Assets.xcassets in Resources */ = {isa = PBXBuildFile; fileRef = BEC49C7F2B07332800A94F10 /* Assets.xcassets */; };
		BEC49C832B07332800A94F10 /* LaunchScreen.storyboard in Resources */ = {isa = PBXBuildFile; fileRef = BEC49C812B07332800A94F10 /* LaunchScreen.storyboard */; };
		BEC49C8B2B07340500A94F10 /* GoogleService-Info.plist in Resources */ = {isa = PBXBuildFile; fileRef = BEC49C8A2B07340500A94F10 /* GoogleService-Info.plist */; };
		BEC49C8E2B07357B00A94F10 /* FirebaseAnalytics in Frameworks */ = {isa = PBXBuildFile; productRef = BEC49C8D2B07357B00A94F10 /* FirebaseAnalytics */; };
		BEC49C902B07357B00A94F10 /* FirebaseAnalyticsOnDeviceConversion in Frameworks */ = {isa = PBXBuildFile; productRef = BEC49C8F2B07357B00A94F10 /* FirebaseAnalyticsOnDeviceConversion */; };
		BEC49C922B07357B00A94F10 /* FirebaseAnalyticsSwift in Frameworks */ = {isa = PBXBuildFile; productRef = BEC49C912B07357B00A94F10 /* FirebaseAnalyticsSwift */; };
		BEC49C942B07357B00A94F10 /* FirebaseAnalyticsWithoutAdIdSupport in Frameworks */ = {isa = PBXBuildFile; productRef = BEC49C932B07357B00A94F10 /* FirebaseAnalyticsWithoutAdIdSupport */; };
		BEC49C962B07357B00A94F10 /* FirebaseAppCheck in Frameworks */ = {isa = PBXBuildFile; productRef = BEC49C952B07357B00A94F10 /* FirebaseAppCheck */; };
/* End PBXBuildFile section */

/* Begin PBXFileReference section */
		BEC49C732B07332500A94F10 /* FitTogether.app */ = {isa = PBXFileReference; explicitFileType = wrapper.application; includeInIndex = 0; path = FitTogether.app; sourceTree = BUILT_PRODUCTS_DIR; };
		BEC49C762B07332500A94F10 /* AppDelegate.swift */ = {isa = PBXFileReference; lastKnownFileType = sourcecode.swift; path = AppDelegate.swift; sourceTree = "<group>"; };
		BEC49C782B07332500A94F10 /* SceneDelegate.swift */ = {isa = PBXFileReference; lastKnownFileType = sourcecode.swift; path = SceneDelegate.swift; sourceTree = "<group>"; };
		BEC49C7A2B07332500A94F10 /* ViewController.swift */ = {isa = PBXFileReference; lastKnownFileType = sourcecode.swift; path = ViewController.swift; sourceTree = "<group>"; };
		BEC49C7D2B07332500A94F10 /* Base */ = {isa = PBXFileReference; lastKnownFileType = file.storyboard; name = Base; path = Base.lproj/Main.storyboard; sourceTree = "<group>"; };
		BEC49C7F2B07332800A94F10 /* Assets.xcassets */ = {isa = PBXFileReference; lastKnownFileType = folder.assetcatalog; path = Assets.xcassets; sourceTree = "<group>"; };
		BEC49C822B07332800A94F10 /* Base */ = {isa = PBXFileReference; lastKnownFileType = file.storyboard; name = Base; path = Base.lproj/LaunchScreen.storyboard; sourceTree = "<group>"; };
		BEC49C842B07332800A94F10 /* Info.plist */ = {isa = PBXFileReference; lastKnownFileType = text.plist.xml; path = Info.plist; sourceTree = "<group>"; };
		BEC49C8A2B07340500A94F10 /* GoogleService-Info.plist */ = {isa = PBXFileReference; fileEncoding = 4; lastKnownFileType = text.plist.xml; path = "GoogleService-Info.plist"; sourceTree = "<group>"; };
/* End PBXFileReference section */

/* Begin PBXFrameworksBuildPhase section */
		BEC49C702B07332500A94F10 /* Frameworks */ = {
			isa = PBXFrameworksBuildPhase;
			buildActionMask = 2147483647;
			files = (
				BEC49C922B07357B00A94F10 /* FirebaseAnalyticsSwift in Frameworks */,
				BEC49C8E2B07357B00A94F10 /* FirebaseAnalytics in Frameworks */,
				BEC49C902B07357B00A94F10 /* FirebaseAnalyticsOnDeviceConversion in Frameworks */,
				BEC49C962B07357B00A94F10 /* FirebaseAppCheck in Frameworks */,
				BEC49C942B07357B00A94F10 /* FirebaseAnalyticsWithoutAdIdSupport in Frameworks */,
			);
			runOnlyForDeploymentPostprocessing = 0;
		};
/* End PBXFrameworksBuildPhase section */

/* Begin PBXGroup section */
		BEC49C6A2B07332500A94F10 = {
			isa = PBXGroup;
			children = (
				BEC49C752B07332500A94F10 /* FitTogether */,
				BEC49C742B07332500A94F10 /* Products */,
			);
			sourceTree = "<group>";
		};
		BEC49C742B07332500A94F10 /* Products */ = {
			isa = PBXGroup;
			children = (
				BEC49C732B07332500A94F10 /* FitTogether.app */,
			);
			name = Products;
			sourceTree = "<group>";
		};
		BEC49C752B07332500A94F10 /* FitTogether */ = {
			isa = PBXGroup;
			children = (
				BEC49C762B07332500A94F10 /* AppDelegate.swift */,
				BEC49C782B07332500A94F10 /* SceneDelegate.swift */,
				BEC49C7A2B07332500A94F10 /* ViewController.swift */,
				BEC49C7C2B07332500A94F10 /* Main.storyboard */,
				BEC49C7F2B07332800A94F10 /* Assets.xcassets */,
				BEC49C812B07332800A94F10 /* LaunchScreen.storyboard */,
				BEC49C842B07332800A94F10 /* Info.plist */,
				BEC49C8A2B07340500A94F10 /* GoogleService-Info.plist */,
			);
			path = FitTogether;
			sourceTree = "<group>";
		};
/* End PBXGroup section */

/* Begin PBXNativeTarget section */
		BEC49C722B07332500A94F10 /* FitTogether */ = {
			isa = PBXNativeTarget;
			buildConfigurationList = BEC49C872B07332800A94F10 /* Build configuration list for PBXNativeTarget "FitTogether" */;
			buildPhases = (
				BEC49C6F2B07332500A94F10 /* Sources */,
				BEC49C702B07332500A94F10 /* Frameworks */,
				BEC49C712B07332500A94F10 /* Resources */,
			);
			buildRules = (
			);
			dependencies = (
			);
			name = FitTogether;
			packageProductDependencies = (
				BEC49C8D2B07357B00A94F10 /* FirebaseAnalytics */,
				BEC49C8F2B07357B00A94F10 /* FirebaseAnalyticsOnDeviceConversion */,
				BEC49C912B07357B00A94F10 /* FirebaseAnalyticsSwift */,
				BEC49C932B07357B00A94F10 /* FirebaseAnalyticsWithoutAdIdSupport */,
				BEC49C952B07357B00A94F10 /* FirebaseAppCheck */,
			);
			productName = FitTogether;
			productReference = BEC49C732B07332500A94F10 /* FitTogether.app */;
			productType = "com.apple.product-type.application";
		};
/* End PBXNativeTarget section */

/* Begin PBXProject section */
		BEC49C6B2B07332500A94F10 /* Project object */ = {
			isa = PBXProject;
			attributes = {
				BuildIndependentTargetsInParallel = 1;
				LastSwiftUpdateCheck = 1500;
				LastUpgradeCheck = 1500;
				TargetAttributes = {
					BEC49C722B07332500A94F10 = {
						CreatedOnToolsVersion = 15.0.1;
					};
				};
			};
			buildConfigurationList = BEC49C6E2B07332500A94F10 /* Build configuration list for PBXProject "FitTogether" */;
			compatibilityVersion = "Xcode 14.0";
			developmentRegion = en;
			hasScannedForEncodings = 0;
			knownRegions = (
				en,
				Base,
			);
			mainGroup = BEC49C6A2B07332500A94F10;
			packageReferences = (
				BEC49C8C2B07357B00A94F10 /* XCRemoteSwiftPackageReference "firebase-ios-sdk" */,
			);
			productRefGroup = BEC49C742B07332500A94F10 /* Products */;
			projectDirPath = "";
			projectRoot = "";
			targets = (
				BEC49C722B07332500A94F10 /* FitTogether */,
			);
		};
/* End PBXProject section */

/* Begin PBXResourcesBuildPhase section */
		BEC49C712B07332500A94F10 /* Resources */ = {
			isa = PBXResourcesBuildPhase;
			buildActionMask = 2147483647;
			files = (
				BEC49C832B07332800A94F10 /* LaunchScreen.storyboard in Resources */,
				BEC49C8B2B07340500A94F10 /* GoogleService-Info.plist in Resources */,
				BEC49C802B07332800A94F10 /* Assets.xcassets in Resources */,
				BEC49C7E2B07332500A94F10 /* Main.storyboard in Resources */,
			);
			runOnlyForDeploymentPostprocessing = 0;
		};
/* End PBXResourcesBuildPhase section */

/* Begin PBXSourcesBuildPhase section */
		BEC49C6F2B07332500A94F10 /* Sources */ = {
			isa = PBXSourcesBuildPhase;
			buildActionMask = 2147483647;
			files = (
				BEC49C7B2B07332500A94F10 /* ViewController.swift in Sources */,
				BEC49C772B07332500A94F10 /* AppDelegate.swift in Sources */,
				BEC49C792B07332500A94F10 /* SceneDelegate.swift in Sources */,
			);
			runOnlyForDeploymentPostprocessing = 0;
		};
/* End PBXSourcesBuildPhase section */

/* Begin PBXVariantGroup section */
		BEC49C7C2B07332500A94F10 /* Main.storyboard */ = {
			isa = PBXVariantGroup;
			children = (
				BEC49C7D2B07332500A94F10 /* Base */,
			);
			name = Main.storyboard;
			sourceTree = "<group>";
		};
		BEC49C812B07332800A94F10 /* LaunchScreen.storyboard */ = {
			isa = PBXVariantGroup;
			children = (
				BEC49C822B07332800A94F10 /* Base */,
			);
			name = LaunchScreen.storyboard;
			sourceTree = "<group>";
		};
/* End PBXVariantGroup section */

/* Begin XCBuildConfiguration section */
		BEC49C852B07332800A94F10 /* Debug */ = {
			isa = XCBuildConfiguration;
			buildSettings = {
				ALWAYS_SEARCH_USER_PATHS = NO;
				ASSETCATALOG_COMPILER_GENERATE_SWIFT_ASSET_SYMBOL_EXTENSIONS = YES;
				CLANG_ANALYZER_NONNULL = YES;
				CLANG_ANALYZER_NUMBER_OBJECT_CONVERSION = YES_AGGRESSIVE;
				CLANG_CXX_LANGUAGE_STANDARD = "gnu++20";
				CLANG_ENABLE_MODULES = YES;
				CLANG_ENABLE_OBJC_ARC = YES;
				CLANG_ENABLE_OBJC_WEAK = YES;
				CLANG_WARN_BLOCK_CAPTURE_AUTORELEASING = YES;
				CLANG_WARN_BOOL_CONVERSION = YES;
				CLANG_WARN_COMMA = YES;
				CLANG_WARN_CONSTANT_CONVERSION = YES;
				CLANG_WARN_DEPRECATED_OBJC_IMPLEMENTATIONS = YES;
				CLANG_WARN_DIRECT_OBJC_ISA_USAGE = YES_ERROR;
				CLANG_WARN_DOCUMENTATION_COMMENTS = YES;
				CLANG_WARN_EMPTY_BODY = YES;
				CLANG_WARN_ENUM_CONVERSION = YES;
				CLANG_WARN_INFINITE_RECURSION = YES;
				CLANG_WARN_INT_CONVERSION = YES;
				CLANG_WARN_NON_LITERAL_NULL_CONVERSION = YES;
				CLANG_WARN_OBJC_IMPLICIT_RETAIN_SELF = YES;
				CLANG_WARN_OBJC_LITERAL_CONVERSION = YES;
				CLANG_WARN_OBJC_ROOT_CLASS = YES_ERROR;
				CLANG_WARN_QUOTED_INCLUDE_IN_FRAMEWORK_HEADER = YES;
				CLANG_WARN_RANGE_LOOP_ANALYSIS = YES;
				CLANG_WARN_STRICT_PROTOTYPES = YES;
				CLANG_WARN_SUSPICIOUS_MOVE = YES;
				CLANG_WARN_UNGUARDED_AVAILABILITY = YES_AGGRESSIVE;
				CLANG_WARN_UNREACHABLE_CODE = YES;
				CLANG_WARN__DUPLICATE_METHOD_MATCH = YES;
				COPY_PHASE_STRIP = NO;
				DEBUG_INFORMATION_FORMAT = dwarf;
				ENABLE_STRICT_OBJC_MSGSEND = YES;
				ENABLE_TESTABILITY = YES;
				ENABLE_USER_SCRIPT_SANDBOXING = YES;
				GCC_C_LANGUAGE_STANDARD = gnu17;
				GCC_DYNAMIC_NO_PIC = NO;
				GCC_NO_COMMON_BLOCKS = YES;
				GCC_OPTIMIZATION_LEVEL = 0;
				GCC_PREPROCESSOR_DEFINITIONS = (
					"DEBUG=1",
					"$(inherited)",
				);
				GCC_WARN_64_TO_32_BIT_CONVERSION = YES;
				GCC_WARN_ABOUT_RETURN_TYPE = YES_ERROR;
				GCC_WARN_UNDECLARED_SELECTOR = YES;
				GCC_WARN_UNINITIALIZED_AUTOS = YES_AGGRESSIVE;
				GCC_WARN_UNUSED_FUNCTION = YES;
				GCC_WARN_UNUSED_VARIABLE = YES;
				IPHONEOS_DEPLOYMENT_TARGET = 17.0;
				LOCALIZATION_PREFERS_STRING_CATALOGS = YES;
				MTL_ENABLE_DEBUG_INFO = INCLUDE_SOURCE;
				MTL_FAST_MATH = YES;
				ONLY_ACTIVE_ARCH = YES;
				SDKROOT = iphoneos;
				SWIFT_ACTIVE_COMPILATION_CONDITIONS = "DEBUG $(inherited)";
				SWIFT_OPTIMIZATION_LEVEL = "-Onone";
			};
			name = Debug;
		};
		BEC49C862B07332800A94F10 /* Release */ = {
			isa = XCBuildConfiguration;
			buildSettings = {
				ALWAYS_SEARCH_USER_PATHS = NO;
				ASSETCATALOG_COMPILER_GENERATE_SWIFT_ASSET_SYMBOL_EXTENSIONS = YES;
				CLANG_ANALYZER_NONNULL = YES;
				CLANG_ANALYZER_NUMBER_OBJECT_CONVERSION = YES_AGGRESSIVE;
				CLANG_CXX_LANGUAGE_STANDARD = "gnu++20";
				CLANG_ENABLE_MODULES = YES;
				CLANG_ENABLE_OBJC_ARC = YES;
				CLANG_ENABLE_OBJC_WEAK = YES;
				CLANG_WARN_BLOCK_CAPTURE_AUTORELEASING = YES;
				CLANG_WARN_BOOL_CONVERSION = YES;
				CLANG_WARN_COMMA = YES;
				CLANG_WARN_CONSTANT_CONVERSION = YES;
				CLANG_WARN_DEPRECATED_OBJC_IMPLEMENTATIONS = YES;
				CLANG_WARN_DIRECT_OBJC_ISA_USAGE = YES_ERROR;
				CLANG_WARN_DOCUMENTATION_COMMENTS = YES;
				CLANG_WARN_EMPTY_BODY = YES;
				CLANG_WARN_ENUM_CONVERSION = YES;
				CLANG_WARN_INFINITE_RECURSION = YES;
				CLANG_WARN_INT_CONVERSION = YES;
				CLANG_WARN_NON_LITERAL_NULL_CONVERSION = YES;
				CLANG_WARN_OBJC_IMPLICIT_RETAIN_SELF = YES;
				CLANG_WARN_OBJC_LITERAL_CONVERSION = YES;
				CLANG_WARN_OBJC_ROOT_CLASS = YES_ERROR;
				CLANG_WARN_QUOTED_INCLUDE_IN_FRAMEWORK_HEADER = YES;
				CLANG_WARN_RANGE_LOOP_ANALYSIS = YES;
				CLANG_WARN_STRICT_PROTOTYPES = YES;
				CLANG_WARN_SUSPICIOUS_MOVE = YES;
				CLANG_WARN_UNGUARDED_AVAILABILITY = YES_AGGRESSIVE;
				CLANG_WARN_UNREACHABLE_CODE = YES;
				CLANG_WARN__DUPLICATE_METHOD_MATCH = YES;
				COPY_PHASE_STRIP = NO;
				DEBUG_INFORMATION_FORMAT = "dwarf-with-dsym";
				ENABLE_NS_ASSERTIONS = NO;
				ENABLE_STRICT_OBJC_MSGSEND = YES;
				ENABLE_USER_SCRIPT_SANDBOXING = YES;
				GCC_C_LANGUAGE_STANDARD = gnu17;
				GCC_NO_COMMON_BLOCKS = YES;
				GCC_WARN_64_TO_32_BIT_CONVERSION = YES;
				GCC_WARN_ABOUT_RETURN_TYPE = YES_ERROR;
				GCC_WARN_UNDECLARED_SELECTOR = YES;
				GCC_WARN_UNINITIALIZED_AUTOS = YES_AGGRESSIVE;
				GCC_WARN_UNUSED_FUNCTION = YES;
				GCC_WARN_UNUSED_VARIABLE = YES;
				IPHONEOS_DEPLOYMENT_TARGET = 17.0;
				LOCALIZATION_PREFERS_STRING_CATALOGS = YES;
				MTL_ENABLE_DEBUG_INFO = NO;
				MTL_FAST_MATH = YES;
				SDKROOT = iphoneos;
				SWIFT_COMPILATION_MODE = wholemodule;
				VALIDATE_PRODUCT = YES;
			};
			name = Release;
		};
		BEC49C882B07332800A94F10 /* Debug */ = {
			isa = XCBuildConfiguration;
			buildSettings = {
				ASSETCATALOG_COMPILER_APPICON_NAME = AppIcon;
				ASSETCATALOG_COMPILER_GLOBAL_ACCENT_COLOR_NAME = AccentColor;
				CODE_SIGN_STYLE = Automatic;
				CURRENT_PROJECT_VERSION = 1;
				DEVELOPMENT_TEAM = PCZC3CH95B;
				GENERATE_INFOPLIST_FILE = YES;
				INFOPLIST_FILE = FitTogether/Info.plist;
				INFOPLIST_KEY_UIApplicationSupportsIndirectInputEvents = YES;
				INFOPLIST_KEY_UILaunchStoryboardName = LaunchScreen;
				INFOPLIST_KEY_UIMainStoryboardFile = Main;
				INFOPLIST_KEY_UISupportedInterfaceOrientations_iPad = "UIInterfaceOrientationPortrait UIInterfaceOrientationPortraitUpsideDown UIInterfaceOrientationLandscapeLeft UIInterfaceOrientationLandscapeRight";
				INFOPLIST_KEY_UISupportedInterfaceOrientations_iPhone = "UIInterfaceOrientationPortrait UIInterfaceOrientationLandscapeLeft UIInterfaceOrientationLandscapeRight";
				LD_RUNPATH_SEARCH_PATHS = (
					"$(inherited)",
					"@executable_path/Frameworks",
				);
				MARKETING_VERSION = 1.0;
				PRODUCT_BUNDLE_IDENTIFIER = com.nuios.FitTogether;
				PRODUCT_NAME = "$(TARGET_NAME)";
				SWIFT_EMIT_LOC_STRINGS = YES;
				SWIFT_VERSION = 5.0;
				TARGETED_DEVICE_FAMILY = "1,2";
			};
			name = Debug;
		};
		BEC49C892B07332800A94F10 /* Release */ = {
			isa = XCBuildConfiguration;
			buildSettings = {
				ASSETCATALOG_COMPILER_APPICON_NAME = AppIcon;
				ASSETCATALOG_COMPILER_GLOBAL_ACCENT_COLOR_NAME = AccentColor;
				CODE_SIGN_STYLE = Automatic;
				CURRENT_PROJECT_VERSION = 1;
				DEVELOPMENT_TEAM = PCZC3CH95B;
				GENERATE_INFOPLIST_FILE = YES;
				INFOPLIST_FILE = FitTogether/Info.plist;
				INFOPLIST_KEY_UIApplicationSupportsIndirectInputEvents = YES;
				INFOPLIST_KEY_UILaunchStoryboardName = LaunchScreen;
				INFOPLIST_KEY_UIMainStoryboardFile = Main;
				INFOPLIST_KEY_UISupportedInterfaceOrientations_iPad = "UIInterfaceOrientationPortrait UIInterfaceOrientationPortraitUpsideDown UIInterfaceOrientationLandscapeLeft UIInterfaceOrientationLandscapeRight";
				INFOPLIST_KEY_UISupportedInterfaceOrientations_iPhone = "UIInterfaceOrientationPortrait UIInterfaceOrientationLandscapeLeft UIInterfaceOrientationLandscapeRight";
				LD_RUNPATH_SEARCH_PATHS = (
					"$(inherited)",
					"@executable_path/Frameworks",
				);
				MARKETING_VERSION = 1.0;
				PRODUCT_BUNDLE_IDENTIFIER = com.nuios.FitTogether;
				PRODUCT_NAME = "$(TARGET_NAME)";
				SWIFT_EMIT_LOC_STRINGS = YES;
				SWIFT_VERSION = 5.0;
				TARGETED_DEVICE_FAMILY = "1,2";
			};
			name = Release;
		};
/* End XCBuildConfiguration section */

/* Begin XCConfigurationList section */
		BEC49C6E2B07332500A94F10 /* Build configuration list for PBXProject "FitTogether" */ = {
			isa = XCConfigurationList;
			buildConfigurations = (
				BEC49C852B07332800A94F10 /* Debug */,
				BEC49C862B07332800A94F10 /* Release */,
			);
			defaultConfigurationIsVisible = 0;
			defaultConfigurationName = Release;
		};
		BEC49C872B07332800A94F10 /* Build configuration list for PBXNativeTarget "FitTogether" */ = {
			isa = XCConfigurationList;
			buildConfigurations = (
				BEC49C882B07332800A94F10 /* Debug */,
				BEC49C892B07332800A94F10 /* Release */,
			);
			defaultConfigurationIsVisible = 0;
			defaultConfigurationName = Release;
		};
/* End XCConfigurationList section */

/* Begin XCRemoteSwiftPackageReference section */
		BEC49C8C2B07357B00A94F10 /* XCRemoteSwiftPackageReference "firebase-ios-sdk" */ = {
			isa = XCRemoteSwiftPackageReference;
			repositoryURL = "https://github.com/firebase/firebase-ios-sdk.git";
			requirement = {
				kind = upToNextMajorVersion;
				minimumVersion = 10.18.0;
			};
		};
/* End XCRemoteSwiftPackageReference section */

/* Begin XCSwiftPackageProductDependency section */
		BEC49C8D2B07357B00A94F10 /* FirebaseAnalytics */ = {
			isa = XCSwiftPackageProductDependency;
			package = BEC49C8C2B07357B00A94F10 /* XCRemoteSwiftPackageReference "firebase-ios-sdk" */;
			productName = FirebaseAnalytics;
		};
		BEC49C8F2B07357B00A94F10 /* FirebaseAnalyticsOnDeviceConversion */ = {
			isa = XCSwiftPackageProductDependency;
			package = BEC49C8C2B07357B00A94F10 /* XCRemoteSwiftPackageReference "firebase-ios-sdk" */;
			productName = FirebaseAnalyticsOnDeviceConversion;
		};
		BEC49C912B07357B00A94F10 /* FirebaseAnalyticsSwift */ = {
			isa = XCSwiftPackageProductDependency;
			package = BEC49C8C2B07357B00A94F10 /* XCRemoteSwiftPackageReference "firebase-ios-sdk" */;
			productName = FirebaseAnalyticsSwift;
		};
		BEC49C932B07357B00A94F10 /* FirebaseAnalyticsWithoutAdIdSupport */ = {
			isa = XCSwiftPackageProductDependency;
			package = BEC49C8C2B07357B00A94F10 /* XCRemoteSwiftPackageReference "firebase-ios-sdk" */;
			productName = FirebaseAnalyticsWithoutAdIdSupport;
		};
		BEC49C952B07357B00A94F10 /* FirebaseAppCheck */ = {
			isa = XCSwiftPackageProductDependency;
			package = BEC49C8C2B07357B00A94F10 /* XCRemoteSwiftPackageReference "firebase-ios-sdk" */;
			productName = FirebaseAppCheck;
		};
/* End XCSwiftPackageProductDependency section */
	};
	rootObject = BEC49C6B2B07332500A94F10 /* Project object */;
}
